# @generated by Move, please check-in and do not edit manually.

[move]
version = 0
manifest_digest = "24DE232C9D3133B46B3851BE845A0D5BF3DBC7B6E57366ECD8816FA370B0BDAC"
deps_digest = "060AD7E57DFB13104F21BE5F5C3759D03F0553FC3229247D9A7A6B45F50D03A3"

dependencies = [
  { name = "MoveStdlib" },
  { name = "Sui" },
  { name = "SuiTears" },
]

[[move.package]]
name = "MoveStdlib"
source = { git = "https://github.com/MystenLabs/sui.git", rev = "testnet", subdir = "crates/sui-framework/packages/move-stdlib" }

[[move.package]]
name = "Sui"
source = { git = "https://github.com/MystenLabs/sui.git", rev = "testnet", subdir = "crates/sui-framework/packages/sui-framework" }

dependencies = [
  { name = "MoveStdlib" },
]

[[move.package]]
name = "SuiTears"
source = { local = "../contracts" }

dependencies = [
  { name = "MoveStdlib" },
  { name = "Sui" },
]
