# @generated by Move, please check-in and do not edit manually.

[move]
version = 0
manifest_digest = "AE0D63DD986CFE4E40D0A18369C395E23BE80099E9142B5CFCB62A1922255B9E"
deps_digest = "F8BBB0CCB2491CA29A3DF03D6F92277A4F3574266507ACD77214D37ECA3F3082"

dependencies = [
  { name = "Sui" },
]

[[move.package]]
name = "MoveStdlib"
source = { git = "https://github.com/MystenLabs/sui.git", rev = "mainnet", subdir = "crates/sui-framework/packages/move-stdlib" }

[[move.package]]
name = "Sui"
source = { git = "https://github.com/MystenLabs/sui.git", rev = "mainnet", subdir = "crates/sui-framework/packages/sui-framework" }

dependencies = [
  { name = "MoveStdlib" },
]

[move.toolchain-version]
compiler-version = "1.30.3"
edition = "2024.beta"
flavor = "sui"

[env]

[env.mainnet]
chain-id = "35834a8a"
original-published-id = "0xb37fe85436cfb5f0a4106021cfa0990d6a9be9f09fd137796a90558698543aeb"
latest-published-id = "0xb37fe85436cfb5f0a4106021cfa0990d6a9be9f09fd137796a90558698543aeb"
published-version = "1"
