# @generated by Move, please check-in and do not edit manually.

[move]
version = 0
manifest_digest = "0D8EF216C51AB8B04C21EC259D44A62B3CC963E512B0CFB3583CAD33735DA5C1"
deps_digest = "F8BBB0CCB2491CA29A3DF03D6F92277A4F3574266507ACD77214D37ECA3F3082"

dependencies = [
  { name = "Sui" },
]

[[move.package]]
name = "MoveStdlib"
source = { git = "https://github.com/MystenLabs/sui.git", rev = "mainnet", subdir = "crates/sui-framework/packages/move-stdlib" }

[[move.package]]
name = "Sui"
source = { git = "https://github.com/MystenLabs/sui.git", rev = "mainnet", subdir = "crates/sui-framework/packages/sui-framework" }

dependencies = [
  { name = "MoveStdlib" },
]

[move.toolchain-version]
compiler-version = "1.27.2"
edition = "2024.beta"
flavor = "sui"

[env]

[env.mainnet]
chain-id = "35834a8a"
original-published-id = "0xd5cd31f4bf84a2c280c9ed20cbb20345cbe5c1ebe63014c406f97b20edd4ac63"
latest-published-id = "0xd5cd31f4bf84a2c280c9ed20cbb20345cbe5c1ebe63014c406f97b20edd4ac63"
published-version = "1"
